
Microsoft Visual Studio Solution File, Format Version 12.00
# Visual Studio Version 16
VisualStudioVersion = 16.0.32126.315
MinimumVisualStudioVersion = 10.0.40219.1
Project("{FAE04EC0-301F-11D3-BF4B-00C04F79EFBC}") = "CapaPresentacionAdmin", "CapaPresentacionAdmin\CapaPresentacionAdmin.csproj", "{34E96CE4-800C-4D4E-AA6F-B6D19B862A42}"
EndProject
Project("{FAE04EC0-301F-11D3-BF4B-00C04F79EFBC}") = "CapaPresentacionTienda", "CapaPresentacionTienda\CapaPresentacionTienda.csproj", "{2929FC7E-A98E-4211-AC04-B2DD74B1CB8F}"
EndProject
Project("{FAE04EC0-301F-11D3-BF4B-00C04F79EFBC}") = "CapaDatos", "CapaDatos\CapaDatos.csproj", "{3ED7542D-8767-432E-9E33-4B1CB152C8B2}"
EndProject
Project("{FAE04EC0-301F-11D3-BF4B-00C04F79EFBC}") = "CapaEntidad", "CapaEntidad\CapaEntidad.csproj", "{A82F86F2-C652-4427-B57C-85D52A7EAC96}"
EndProject
Project("{FAE04EC0-301F-11D3-BF4B-00C04F79EFBC}") = "CapaNegocio", "CapaNegocio\CapaNegocio.csproj", "{163FEDA0-9D86-4B1A-966A-F6F2E0681FE6}"
EndProject
Global
	GlobalSection(SolutionConfigurationPlatforms) = preSolution
		Debug|Any CPU = Debug|Any CPU
		Release|Any CPU = Release|Any CPU
	EndGlobalSection
	GlobalSection(ProjectConfigurationPlatforms) = postSolution
		{34E96CE4-800C-4D4E-AA6F-B6D19B862A42}.Debug|Any CPU.ActiveCfg = Debug|Any CPU
		{34E96CE4-800C-4D4E-AA6F-B6D19B862A42}.Debug|Any CPU.Build.0 = Debug|Any CPU
		{34E96CE4-800C-4D4E-AA6F-B6D19B862A42}.Release|Any CPU.ActiveCfg = Release|Any CPU
		{34E96CE4-800C-4D4E-AA6F-B6D19B862A42}.Release|Any CPU.Build.0 = Release|Any CPU
		{2929FC7E-A98E-4211-AC04-B2DD74B1CB8F}.Debug|Any CPU.ActiveCfg = Debug|Any CPU
		{2929FC7E-A98E-4211-AC04-B2DD74B1CB8F}.Debug|Any CPU.Build.0 = Debug|Any CPU
		{2929FC7E-A98E-4211-AC04-B2DD74B1CB8F}.Release|Any CPU.ActiveCfg = Release|Any CPU
		{2929FC7E-A98E-4211-AC04-B2DD74B1CB8F}.Release|Any CPU.Build.0 = Release|Any CPU
		{3ED7542D-8767-432E-9E33-4B1CB152C8B2}.Debug|Any CPU.ActiveCfg = Debug|Any CPU
		{3ED7542D-8767-432E-9E33-4B1CB152C8B2}.Debug|Any CPU.Build.0 = Debug|Any CPU
		{3ED7542D-8767-432E-9E33-4B1CB152C8B2}.Release|Any CPU.ActiveCfg = Release|Any CPU
		{3ED7542D-8767-432E-9E33-4B1CB152C8B2}.Release|Any CPU.Build.0 = Release|Any CPU
		{A82F86F2-C652-4427-B57C-85D52A7EAC96}.Debug|Any CPU.ActiveCfg = Debug|Any CPU
		{A82F86F2-C652-4427-B57C-85D52A7EAC96}.Debug|Any CPU.Build.0 = Debug|Any CPU
		{A82F86F2-C652-4427-B57C-85D52A7EAC96}.Release|Any CPU.ActiveCfg = Release|Any CPU
		{A82F86F2-C652-4427-B57C-85D52A7EAC96}.Release|Any CPU.Build.0 = Release|Any CPU
		{163FEDA0-9D86-4B1A-966A-F6F2E0681FE6}.Debug|Any CPU.ActiveCfg = Debug|Any CPU
		{163FEDA0-9D86-4B1A-966A-F6F2E0681FE6}.Debug|Any CPU.Build.0 = Debug|Any CPU
		{163FEDA0-9D86-4B1A-966A-F6F2E0681FE6}.Release|Any CPU.ActiveCfg = Release|Any CPU
		{163FEDA0-9D86-4B1A-966A-F6F2E0681FE6}.Release|Any CPU.Build.0 = Release|Any CPU
	EndGlobalSection
	GlobalSection(SolutionProperties) = preSolution
		HideSolutionNode = FALSE
	EndGlobalSection
	GlobalSection(ExtensibilityGlobals) = postSolution
		SolutionGuid = {D02EA9D4-C528-4AE5-90D9-152CADC5BD7F}
	EndGlobalSection
EndGlobal
